
Microsoft Visual Studio Solution File, Format Version 12.00
# Visual Studio 15
VisualStudioVersion = 15.0.27004.2005
MinimumVisualStudioVersion = 10.0.40219.1
Project("{DA7A21FA-8162-4350-AD77-A8D1B671F3ED}") = "KaggleHousePricesAdvancedRegressionTechniques", "KaggleHousePricesAdvancedRegressionTechniques.rxproj", "{BC476C99-A07D-40F1-9428-06661BFE88A0}"
EndProject
Global
	GlobalSection(SolutionConfigurationPlatforms) = preSolution
		Debug|Any CPU = Debug|Any CPU
		Release|Any CPU = Release|Any CPU
	EndGlobalSection
	GlobalSection(ProjectConfigurationPlatforms) = postSolution
		{BC476C99-A07D-40F1-9428-06661BFE88A0}.Debug|Any CPU.ActiveCfg = Debug|Any CPU
		{BC476C99-A07D-40F1-9428-06661BFE88A0}.Debug|Any CPU.Build.0 = Debug|Any CPU
		{BC476C99-A07D-40F1-9428-06661BFE88A0}.Release|Any CPU.ActiveCfg = Release|Any CPU
		{BC476C99-A07D-40F1-9428-06661BFE88A0}.Release|Any CPU.Build.0 = Release|Any CPU
	EndGlobalSection
	GlobalSection(SolutionProperties) = preSolution
		HideSolutionNode = FALSE
	EndGlobalSection
	GlobalSection(ExtensibilityGlobals) = postSolution
		SolutionGuid = {54D015A2-368B-4B4C-95F1-D069A92E0821}
	EndGlobalSection
EndGlobal
